<Solution>
  <Folder Name="/external/">
    <Project Path="external/WSGM.Device.Sdk/src/WSGM.Device.Sdk/WSGM.Device.Sdk.csproj" />
  </Folder>
  <Folder Name="/src/">
    <Project Path="src/WSGM.DeviceLab/WSGM.DeviceLab.csproj" />
  </Folder>
  <Folder Name="/tests/">
    <Project Path="tests/WSGM.DeviceLab.Tests/WSGM.DeviceLab.Tests.csproj" />
  </Folder>
</Solution>
